
Microsoft Visual Studio Solution File, Format Version 12.00
# Visual Studio Version 16
VisualStudioVersion = 16.0.30611.23
MinimumVisualStudioVersion = 10.0.40219.1
Project("{FAE04EC0-301F-11D3-BF4B-00C04F79EFBC}") = "HyperCAN", "HyperCAN\HyperCAN.csproj", "{92A9D94A-E4F4-4F0E-B610-D655817807C7}"
EndProject
Global
	GlobalSection(SolutionConfigurationPlatforms) = preSolution
		Debug|Any CPU = Debug|Any CPU
		Release|Any CPU = Release|Any CPU
	EndGlobalSection
	GlobalSection(ProjectConfigurationPlatforms) = postSolution
		{92A9D94A-E4F4-4F0E-B610-D655817807C7}.Debug|Any CPU.ActiveCfg = Debug|Any CPU
		{92A9D94A-E4F4-4F0E-B610-D655817807C7}.Debug|Any CPU.Build.0 = Debug|Any CPU
		{92A9D94A-E4F4-4F0E-B610-D655817807C7}.Release|Any CPU.ActiveCfg = Release|Any CPU
		{92A9D94A-E4F4-4F0E-B610-D655817807C7}.Release|Any CPU.Build.0 = Release|Any CPU
	EndGlobalSection
	GlobalSection(SolutionProperties) = preSolution
		HideSolutionNode = FALSE
	EndGlobalSection
	GlobalSection(ExtensibilityGlobals) = postSolution
		SolutionGuid = {98A78D54-1C2C-40AF-A996-AAD2D26E9333}
	EndGlobalSection
EndGlobal
